
Microsoft Visual Studio Solution File, Format Version 12.00
Project("{FAE04EC0-301F-11D3-BF4B-00C04F79EFBC}") = "AccessTracker.Data", "source\AccessTracker.Data\AccessTracker.Data.csproj", "{0E5D3B4F-479C-413B-9866-68CBA20C75BB}"
EndProject
Project("{FAE04EC0-301F-11D3-BF4B-00C04F79EFBC}") = "AccessTracker.Domain", "source\AccessTracker.Domain\AccessTracker.Domain.csproj", "{F7E4473E-6378-441B-91BA-805BDF9F76A2}"
EndProject
Project("{2150E333-8FDC-42A3-9474-1A3956D46DE8}") = "scripts", "scripts", "{D4716E2C-A081-4D0E-9996-D5483DEB3276}"
	ProjectSection(SolutionItems) = preProject
		ef.sh = ef.sh
		run_dev_db.sh = run_dev_db.sh
		run_dev_docker.sh = run_dev_docker.sh
		run_dev.sh = run_dev.sh
		generate-events.sh = generate-events.sh
	EndProjectSection
EndProject
Project("{2150E333-8FDC-42A3-9474-1A3956D46DE8}") = "test", "test", "{55CE7FB9-8B83-478C-B011-7219CED3F0CA}"
EndProject
Project("{FAE04EC0-301F-11D3-BF4B-00C04F79EFBC}") = "AccessTracker.Test", "test\AccessTracker.Test\AccessTracker.Test.csproj", "{06C0062D-C45C-4879-9157-632EE136E3BF}"
EndProject
Project("{FAE04EC0-301F-11D3-BF4B-00C04F79EFBC}") = "AccessTracker.Application", "source\AccessTracker.Application\AccessTracker.Application.csproj", "{EEEB3341-2510-40F3-9CAA-55B9AA77D4AD}"
EndProject
Project("{FAE04EC0-301F-11D3-BF4B-00C04F79EFBC}") = "AccessTracker", "source\AccessTracker\AccessTracker.csproj", "{A9557568-7922-42E8-8CD9-5824F44F55CE}"
EndProject
Project("{FAE04EC0-301F-11D3-BF4B-00C04F79EFBC}") = "AccessTracker.Cli", "source\AccessTracker.Cli\AccessTracker.Cli.csproj", "{65B5414E-5605-4229-8B18-8F6C1C2C3B55}"
EndProject
Project("{2150E333-8FDC-42A3-9474-1A3956D46DE8}") = "docs", "docs", "{5C1B390B-D059-4A43-98B1-8EFF8DB9E872}"
	ProjectSection(SolutionItems) = preProject
		README.md = README.md
	EndProjectSection
EndProject
Global
	GlobalSection(SolutionConfigurationPlatforms) = preSolution
		Debug|Any CPU = Debug|Any CPU
		Release|Any CPU = Release|Any CPU
	EndGlobalSection
	GlobalSection(ProjectConfigurationPlatforms) = postSolution
		{0E5D3B4F-479C-413B-9866-68CBA20C75BB}.Debug|Any CPU.ActiveCfg = Debug|Any CPU
		{0E5D3B4F-479C-413B-9866-68CBA20C75BB}.Debug|Any CPU.Build.0 = Debug|Any CPU
		{0E5D3B4F-479C-413B-9866-68CBA20C75BB}.Release|Any CPU.ActiveCfg = Release|Any CPU
		{0E5D3B4F-479C-413B-9866-68CBA20C75BB}.Release|Any CPU.Build.0 = Release|Any CPU
		{F7E4473E-6378-441B-91BA-805BDF9F76A2}.Debug|Any CPU.ActiveCfg = Debug|Any CPU
		{F7E4473E-6378-441B-91BA-805BDF9F76A2}.Debug|Any CPU.Build.0 = Debug|Any CPU
		{F7E4473E-6378-441B-91BA-805BDF9F76A2}.Release|Any CPU.ActiveCfg = Release|Any CPU
		{F7E4473E-6378-441B-91BA-805BDF9F76A2}.Release|Any CPU.Build.0 = Release|Any CPU
		{06C0062D-C45C-4879-9157-632EE136E3BF}.Debug|Any CPU.ActiveCfg = Debug|Any CPU
		{06C0062D-C45C-4879-9157-632EE136E3BF}.Debug|Any CPU.Build.0 = Debug|Any CPU
		{06C0062D-C45C-4879-9157-632EE136E3BF}.Release|Any CPU.ActiveCfg = Release|Any CPU
		{06C0062D-C45C-4879-9157-632EE136E3BF}.Release|Any CPU.Build.0 = Release|Any CPU
		{EEEB3341-2510-40F3-9CAA-55B9AA77D4AD}.Debug|Any CPU.ActiveCfg = Debug|Any CPU
		{EEEB3341-2510-40F3-9CAA-55B9AA77D4AD}.Debug|Any CPU.Build.0 = Debug|Any CPU
		{EEEB3341-2510-40F3-9CAA-55B9AA77D4AD}.Release|Any CPU.ActiveCfg = Release|Any CPU
		{EEEB3341-2510-40F3-9CAA-55B9AA77D4AD}.Release|Any CPU.Build.0 = Release|Any CPU
		{A9557568-7922-42E8-8CD9-5824F44F55CE}.Debug|Any CPU.ActiveCfg = Debug|Any CPU
		{A9557568-7922-42E8-8CD9-5824F44F55CE}.Debug|Any CPU.Build.0 = Debug|Any CPU
		{A9557568-7922-42E8-8CD9-5824F44F55CE}.Release|Any CPU.ActiveCfg = Release|Any CPU
		{A9557568-7922-42E8-8CD9-5824F44F55CE}.Release|Any CPU.Build.0 = Release|Any CPU
		{65B5414E-5605-4229-8B18-8F6C1C2C3B55}.Debug|Any CPU.ActiveCfg = Debug|Any CPU
		{65B5414E-5605-4229-8B18-8F6C1C2C3B55}.Debug|Any CPU.Build.0 = Debug|Any CPU
		{65B5414E-5605-4229-8B18-8F6C1C2C3B55}.Release|Any CPU.ActiveCfg = Release|Any CPU
		{65B5414E-5605-4229-8B18-8F6C1C2C3B55}.Release|Any CPU.Build.0 = Release|Any CPU
	EndGlobalSection
	GlobalSection(NestedProjects) = preSolution
		{06C0062D-C45C-4879-9157-632EE136E3BF} = {55CE7FB9-8B83-478C-B011-7219CED3F0CA}
	EndGlobalSection
EndGlobal
